
Microsoft Visual Studio Solution File, Format Version 12.00
# Visual Studio Version 16
VisualStudioVersion = 16.0.34114.132
MinimumVisualStudioVersion = 10.0.40219.1
Project("{FAE04EC0-301F-11D3-BF4B-00C04F79EFBC}") = "NpcTrackerMod", "NpcTrackerMod\NpcTrackerMod.csproj", "{964FA95D-520E-4FAD-99EA-839F9258CEF5}"
EndProject
Global
	GlobalSection(SolutionConfigurationPlatforms) = preSolution
		Debug|Any CPU = Debug|Any CPU
		Release|Any CPU = Release|Any CPU
	EndGlobalSection
	GlobalSection(ProjectConfigurationPlatforms) = postSolution
		{964FA95D-520E-4FAD-99EA-839F9258CEF5}.Debug|Any CPU.ActiveCfg = Debug|Any CPU
		{964FA95D-520E-4FAD-99EA-839F9258CEF5}.Debug|Any CPU.Build.0 = Debug|Any CPU
		{964FA95D-520E-4FAD-99EA-839F9258CEF5}.Release|Any CPU.ActiveCfg = Release|Any CPU
		{964FA95D-520E-4FAD-99EA-839F9258CEF5}.Release|Any CPU.Build.0 = Release|Any CPU
	EndGlobalSection
	GlobalSection(SolutionProperties) = preSolution
		HideSolutionNode = FALSE
	EndGlobalSection
	GlobalSection(ExtensibilityGlobals) = postSolution
		SolutionGuid = {134A4061-6073-4590-9D83-218405CE9C5F}
	EndGlobalSection
EndGlobal
